{
    "_readme": [
        "This file locks the dependencies of your project to a known state",
        "Read more about it at https://getcomposer.org/doc/01-basic-usage.md#composer-lock-the-lock-file",
        "This file is @generated automatically"
    ],
    "content-hash": "15c28995a9778384023104e839beb937",
    "packages": [
        {
            "name": "weprovide/aviate",
            "version": "0.0.2",
            "source": {
                "type": "git",
                "url": "https://github.com/timneutkens/aviate-php.git",
                "reference": "73ceced0535b65770ff6b2569e7698a0085d4479"
            },
            "dist": {
                "type": "zip",
                "url": "https://api.github.com/repos/timneutkens/aviate-php/zipball/73ceced0535b65770ff6b2569e7698a0085d4479",
                "reference": "73ceced0535b65770ff6b2569e7698a0085d4479",
                "shasum": ""
            },
            "type": "library",
            "autoload": {
                "psr-4": {
                    "WeProvide\\Aviate\\": "."
                }
            },
            "notification-url": "https://packagist.org/downloads/",
            "license": [
                "MIT"
            ],
            "authors": [
                {
                    "name": "Tim Neutkens",
                    "email": "tim@weprovide.com"
                }
            ],
            "description": "Connector class for Aviate compiler",
            "time": "2017-09-20T06:55:00+00:00"
        }
    ],
    "packages-dev": [],
    "aliases": [],
    "minimum-stability": "stable",
    "stability-flags": [],
    "prefer-stable": false,
    "prefer-lowest": false,
    "platform": [],
    "platform-dev": []
}
